
Microsoft Visual Studio Solution File, Format Version 12.00
# Visual Studio 2012
Project("{f2a71f9b-5d33-465a-a702-920d77279786}") = "InferenceEngine", "InferenceEngine\InferenceEngine.fsproj", "{17EC6641-70F8-4F2E-8F91-257AFEB5E0E0}"
EndProject
Project("{f2a71f9b-5d33-465a-a702-920d77279786}") = "Navigator", "Navigator\Navigator.fsproj", "{4F04203C-FF4F-4BFF-B14D-33D0970B8B11}"
EndProject
Project("{f2a71f9b-5d33-465a-a702-920d77279786}") = "Heureka", "Heureka\Heureka.fsproj", "{548B559A-D824-4AE1-A54F-C0A02534F2E0}"
EndProject
Global
	GlobalSection(SolutionConfigurationPlatforms) = preSolution
		Debug|Any CPU = Debug|Any CPU
		Release|Any CPU = Release|Any CPU
	EndGlobalSection
	GlobalSection(ProjectConfigurationPlatforms) = postSolution
		{17EC6641-70F8-4F2E-8F91-257AFEB5E0E0}.Debug|Any CPU.ActiveCfg = Debug|Any CPU
		{17EC6641-70F8-4F2E-8F91-257AFEB5E0E0}.Debug|Any CPU.Build.0 = Debug|Any CPU
		{17EC6641-70F8-4F2E-8F91-257AFEB5E0E0}.Release|Any CPU.ActiveCfg = Release|Any CPU
		{17EC6641-70F8-4F2E-8F91-257AFEB5E0E0}.Release|Any CPU.Build.0 = Release|Any CPU
		{4F04203C-FF4F-4BFF-B14D-33D0970B8B11}.Debug|Any CPU.ActiveCfg = Debug|Any CPU
		{4F04203C-FF4F-4BFF-B14D-33D0970B8B11}.Debug|Any CPU.Build.0 = Debug|Any CPU
		{4F04203C-FF4F-4BFF-B14D-33D0970B8B11}.Release|Any CPU.ActiveCfg = Release|Any CPU
		{4F04203C-FF4F-4BFF-B14D-33D0970B8B11}.Release|Any CPU.Build.0 = Release|Any CPU
		{548B559A-D824-4AE1-A54F-C0A02534F2E0}.Debug|Any CPU.ActiveCfg = Debug|Any CPU
		{548B559A-D824-4AE1-A54F-C0A02534F2E0}.Debug|Any CPU.Build.0 = Debug|Any CPU
		{548B559A-D824-4AE1-A54F-C0A02534F2E0}.Release|Any CPU.ActiveCfg = Release|Any CPU
		{548B559A-D824-4AE1-A54F-C0A02534F2E0}.Release|Any CPU.Build.0 = Release|Any CPU
	EndGlobalSection
	GlobalSection(SolutionProperties) = preSolution
		HideSolutionNode = FALSE
	EndGlobalSection
EndGlobal
